
Microsoft Visual Studio Solution File, Format Version 12.00
# Visual Studio Version 16
VisualStudioVersion = 16.0.31515.178
MinimumVisualStudioVersion = 10.0.40219.1
Project("{FAE04EC0-301F-11D3-BF4B-00C04F79EFBC}") = "Webgentle.BookStore", "Webgentle.BookStore\Webgentle.BookStore.csproj", "{819D5B36-9596-40DA-A8E5-BA843B3321D2}"
EndProject
Global
	GlobalSection(SolutionConfigurationPlatforms) = preSolution
		Debug|Any CPU = Debug|Any CPU
		Release|Any CPU = Release|Any CPU
	EndGlobalSection
	GlobalSection(ProjectConfigurationPlatforms) = postSolution
		{819D5B36-9596-40DA-A8E5-BA843B3321D2}.Debug|Any CPU.ActiveCfg = Debug|Any CPU
		{819D5B36-9596-40DA-A8E5-BA843B3321D2}.Debug|Any CPU.Build.0 = Debug|Any CPU
		{819D5B36-9596-40DA-A8E5-BA843B3321D2}.Release|Any CPU.ActiveCfg = Release|Any CPU
		{819D5B36-9596-40DA-A8E5-BA843B3321D2}.Release|Any CPU.Build.0 = Release|Any CPU
	EndGlobalSection
	GlobalSection(SolutionProperties) = preSolution
		HideSolutionNode = FALSE
	EndGlobalSection
	GlobalSection(ExtensibilityGlobals) = postSolution
		SolutionGuid = {E238764E-4F19-4F47-B631-3605F65C058C}
	EndGlobalSection
EndGlobal
